// !$*UTF8*$!
{
	archiveVersion = 1;
	classes = {
	};
	objectVersion = 50;
	objects = {

/* Begin PBXBuildFile section */
		4E3FA13421B627DA0053B982 /* UIImage+WebP.m in Sources */ = {isa = PBXBuildFile; fileRef = 4E3FA0EC21B627DA0053B982 /* UIImage+WebP.m */; };
		4E3FA13521B627DA0053B982 /* MKAnnotationView+WebCache.m in Sources */ = {isa = PBXBuildFile; fileRef = 4E3FA0ED21B627DA0053B982 /* MKAnnotationView+WebCache.m */; };
		4E3FA13621B627DA0053B982 /* SDWebImageManager.m in Sources */ = {isa = PBXBuildFile; fileRef = 4E3FA0F421B627DA0053B982 /* SDWebImageManager.m */; };
		4E3FA13721B627DB0053B982 /* UIImageView+HighlightedWebCache.m in Sources */ = {isa = PBXBuildFile; fileRef = 4E3FA0F621B627DA0053B982 /* UIImageView+HighlightedWebCache.m */; };
		4E3FA13821B627DB0053B982 /* SDWebImageFrame.m in Sources */ = {isa = PBXBuildFile; fileRef = 4E3FA0F721B627DA0053B982 /* SDWebImageFrame.m */; };
		4E3FA13921B627DB0053B982 /* UIImage+ForceDecode.m in Sources */ = {isa = PBXBuildFile; fileRef = 4E3FA0F921B627DA0053B982 /* UIImage+ForceDecode.m */; };
		4E3FA13A21B627DB0053B982 /* SDWebImageCodersManager.m in Sources */ = {isa = PBXBuildFile; fileRef = 4E3FA0FB21B627DA0053B982 /* SDWebImageCodersManager.m */; };
		4E3FA13B21B627DB0053B982 /* FLAnimatedImageView+WebCache.m in Sources */ = {isa = PBXBuildFile; fileRef = 4E3FA0FD21B627DA0053B982 /* FLAnimatedImageView+WebCache.m */; };
		4E3FA13C21B627DB0053B982 /* FLAnimatedImage.m in Sources */ = {isa = PBXBuildFile; fileRef = 4E3FA0FE21B627DA0053B982 /* FLAnimatedImage.m */; };
		4E3FA13D21B627DB0053B982 /* FLAnimatedImageView.m in Sources */ = {isa = PBXBuildFile; fileRef = 4E3FA0FF21B627DA0053B982 /* FLAnimatedImageView.m */; };
		4E3FA13E21B627DB0053B982 /* SDWebImageDownloader.m in Sources */ = {isa = PBXBuildFile; fileRef = 4E3FA10321B627DA0053B982 /* SDWebImageDownloader.m */; };
		4E3FA13F21B627DB0053B982 /* UIImage+GIF.m in Sources */ = {isa = PBXBuildFile; fileRef = 4E3FA10621B627DA0053B982 /* UIImage+GIF.m */; };
		4E3FA14021B627DB0053B982 /* UIImage+MultiFormat.m in Sources */ = {isa = PBXBuildFile; fileRef = 4E3FA10821B627DA0053B982 /* UIImage+MultiFormat.m */; };
		4E3FA14121B627DB0053B982 /* SDWebImageCoderHelper.m in Sources */ = {isa = PBXBuildFile; fileRef = 4E3FA10921B627DA0053B982 /* SDWebImageCoderHelper.m */; };
		4E3FA14221B627DB0053B982 /* SDWebImageCompat.m in Sources */ = {isa = PBXBuildFile; fileRef = 4E3FA10A21B627DA0053B982 /* SDWebImageCompat.m */; };
		4E3FA14321B627DB0053B982 /* SDWebImageSequenceDiagram.png in Resources */ = {isa = PBXBuildFile; fileRef = 4E3FA10D21B627DA0053B982 /* SDWebImageSequenceDiagram.png */; };
		4E3FA14421B627DB0053B982 /* HowToUse.md in Resources */ = {isa = PBXBuildFile; fileRef = 4E3FA10E21B627DA0053B982 /* HowToUse.md */; };
		4E3FA14521B627DB0053B982 /* SDWebImage.mdj in Resources */ = {isa = PBXBuildFile; fileRef = 4E3FA10F21B627DA0053B982 /* SDWebImage.mdj */; };
		4E3FA14621B627DB0053B982 /* SDWebImage-4.0-Migration-guide.md in Resources */ = {isa = PBXBuildFile; fileRef = 4E3FA11021B627DA0053B982 /* SDWebImage-4.0-Migration-guide.md */; };
		4E3FA14721B627DB0053B982 /* SDWebImageClassDiagram.png in Resources */ = {isa = PBXBuildFile; fileRef = 4E3FA11121B627DA0053B982 /* SDWebImageClassDiagram.png */; };
		4E3FA14821B627DB0053B982 /* ManualInstallation.md in Resources */ = {isa = PBXBuildFile; fileRef = 4E3FA11221B627DA0053B982 /* ManualInstallation.md */; };
		4E3FA14921B627DB0053B982 /* SDWebImagePrefetcher.m in Sources */ = {isa = PBXBuildFile; fileRef = 4E3FA11321B627DA0053B982 /* SDWebImagePrefetcher.m */; };
		4E3FA14A21B627DB0053B982 /* SDWebImageCoder.m in Sources */ = {isa = PBXBuildFile; fileRef = 4E3FA11621B627DA0053B982 /* SDWebImageCoder.m */; };
		4E3FA14B21B627DB0053B982 /* NSButton+WebCache.m in Sources */ = {isa = PBXBuildFile; fileRef = 4E3FA11721B627DA0053B982 /* NSButton+WebCache.m */; };
		4E3FA14C21B627DB0053B982 /* SDAnimatedImageRep.m in Sources */ = {isa = PBXBuildFile; fileRef = 4E3FA11A21B627DA0053B982 /* SDAnimatedImageRep.m */; };
		4E3FA14D21B627DB0053B982 /* SDImageCache.m in Sources */ = {isa = PBXBuildFile; fileRef = 4E3FA11B21B627DA0053B982 /* SDImageCache.m */; };
		4E3FA14E21B627DB0053B982 /* SDWebImageDownloaderOperation.m in Sources */ = {isa = PBXBuildFile; fileRef = 4E3FA11E21B627DA0053B982 /* SDWebImageDownloaderOperation.m */; };
		4E3FA14F21B627DB0053B982 /* SDWebImageTransition.m in Sources */ = {isa = PBXBuildFile; fileRef = 4E3FA11F21B627DA0053B982 /* SDWebImageTransition.m */; };
		4E3FA15021B627DB0053B982 /* NSData+ImageContentType.m in Sources */ = {isa = PBXBuildFile; fileRef = 4E3FA12121B627DA0053B982 /* NSData+ImageContentType.m */; };
		4E3FA15121B627DB0053B982 /* UIImageView+WebCache.m in Sources */ = {isa = PBXBuildFile; fileRef = 4E3FA12221B627DA0053B982 /* UIImageView+WebCache.m */; };
		4E3FA15221B627DB0053B982 /* NSImage+WebCache.m in Sources */ = {isa = PBXBuildFile; fileRef = 4E3FA12421B627DA0053B982 /* NSImage+WebCache.m */; };
		4E3FA15321B627DB0053B982 /* SDWebImageGIFCoder.m in Sources */ = {isa = PBXBuildFile; fileRef = 4E3FA12521B627DA0053B982 /* SDWebImageGIFCoder.m */; };
		4E3FA15421B627DB0053B982 /* SDImageCacheConfig.m in Sources */ = {isa = PBXBuildFile; fileRef = 4E3FA12721B627DA0053B982 /* SDImageCacheConfig.m */; };
		4E3FA15521B627DB0053B982 /* UIView+WebCacheOperation.m in Sources */ = {isa = PBXBuildFile; fileRef = 4E3FA12A21B627DA0053B982 /* UIView+WebCacheOperation.m */; };
		4E3FA15621B627DB0053B982 /* UIView+WebCache.m in Sources */ = {isa = PBXBuildFile; fileRef = 4E3FA12B21B627DA0053B982 /* UIView+WebCache.m */; };
		4E3FA15721B627DB0053B982 /* SDWebImageImageIOCoder.m in Sources */ = {isa = PBXBuildFile; fileRef = 4E3FA12D21B627DA0053B982 /* SDWebImageImageIOCoder.m */; };
		4E3FA15821B627DB0053B982 /* UIButton+WebCache.m in Sources */ = {isa = PBXBuildFile; fileRef = 4E3FA13121B627DA0053B982 /* UIButton+WebCache.m */; };
		4E3FA15921B627DB0053B982 /* SDWebImageWebPCoder.m in Sources */ = {isa = PBXBuildFile; fileRef = 4E3FA13221B627DA0053B982 /* SDWebImageWebPCoder.m */; };
		4EB19D2621B422180093FB17 /* AppDelegate.m in Sources */ = {isa = PBXBuildFile; fileRef = 4EB19D2521B422180093FB17 /* AppDelegate.m */; };
		4EB19D2921B422180093FB17 /* ViewController.m in Sources */ = {isa = PBXBuildFile; fileRef = 4EB19D2821B422180093FB17 /* ViewController.m */; };
		4EB19D2C21B422180093FB17 /* Main.storyboard in Resources */ = {isa = PBXBuildFile; fileRef = 4EB19D2A21B422180093FB17 /* Main.storyboard */; };
		4EB19D2E21B422190093FB17 /* Assets.xcassets in Resources */ = {isa = PBXBuildFile; fileRef = 4EB19D2D21B422190093FB17 /* Assets.xcassets */; };
		4EB19D3121B422190093FB17 /* LaunchScreen.storyboard in Resources */ = {isa = PBXBuildFile; fileRef = 4EB19D2F21B422190093FB17 /* LaunchScreen.storyboard */; };
		4EB19D3421B422190093FB17 /* main.m in Sources */ = {isa = PBXBuildFile; fileRef = 4EB19D3321B422190093FB17 /* main.m */; };
/* End PBXBuildFile section */

/* Begin PBXFileReference section */
		4E3FA0EB21B627DA0053B982 /* SDAnimatedImageRep.h */ = {isa = PBXFileReference; fileEncoding = 4; lastKnownFileType = sourcecode.c.h; path = SDAnimatedImageRep.h; sourceTree = "<group>"; };
		4E3FA0EC21B627DA0053B982 /* UIImage+WebP.m */ = {isa = PBXFileReference; fileEncoding = 4; lastKnownFileType = sourcecode.c.objc; path = "UIImage+WebP.m"; sourceTree = "<group>"; };
		4E3FA0ED21B627DA0053B982 /* MKAnnotationView+WebCache.m */ = {isa = PBXFileReference; fileEncoding = 4; lastKnownFileType = sourcecode.c.objc; path = "MKAnnotationView+WebCache.m"; sourceTree = "<group>"; };
		4E3FA0EE21B627DA0053B982 /* NSButton+WebCache.h */ = {isa = PBXFileReference; fileEncoding = 4; lastKnownFileType = sourcecode.c.h; path = "NSButton+WebCache.h"; sourceTree = "<group>"; };
		4E3FA0EF21B627DA0053B982 /* SDWebImageCoder.h */ = {isa = PBXFileReference; fileEncoding = 4; lastKnownFileType = sourcecode.c.h; path = SDWebImageCoder.h; sourceTree = "<group>"; };
		4E3FA0F021B627DA0053B982 /* NSImage+WebCache.h */ = {isa = PBXFileReference; fileEncoding = 4; lastKnownFileType = sourcecode.c.h; path = "NSImage+WebCache.h"; sourceTree = "<group>"; };
		4E3FA0F121B627DA0053B982 /* UIImageView+WebCache.h */ = {isa = PBXFileReference; fileEncoding = 4; lastKnownFileType = sourcecode.c.h; path = "UIImageView+WebCache.h"; sourceTree = "<group>"; };
		4E3FA0F221B627DA0053B982 /* NSData+ImageContentType.h */ = {isa = PBXFileReference; fileEncoding = 4; lastKnownFileType = sourcecode.c.h; path = "NSData+ImageContentType.h"; sourceTree = "<group>"; };
		4E3FA0F321B627DA0053B982 /* SDWebImageTransition.h */ = {isa = PBXFileReference; fileEncoding = 4; lastKnownFileType = sourcecode.c.h; path = SDWebImageTransition.h; sourceTree = "<group>"; };
		4E3FA0F421B627DA0053B982 /* SDWebImageManager.m */ = {isa = PBXFileReference; fileEncoding = 4; lastKnownFileType = sourcecode.c.objc; path = SDWebImageManager.m; sourceTree = "<group>"; };
		4E3FA0F521B627DA0053B982 /* SDWebImageDownloaderOperation.h */ = {isa = PBXFileReference; fileEncoding = 4; lastKnownFileType = sourcecode.c.h; path = SDWebImageDownloaderOperation.h; sourceTree = "<group>"; };
		4E3FA0F621B627DA0053B982 /* UIImageView+HighlightedWebCache.m */ = {isa = PBXFileReference; fileEncoding = 4; lastKnownFileType = sourcecode.c.objc; path = "UIImageView+HighlightedWebCache.m"; sourceTree = "<group>"; };
		4E3FA0F721B627DA0053B982 /* SDWebImageFrame.m */ = {isa = PBXFileReference; fileEncoding = 4; lastKnownFileType = sourcecode.c.objc; path = SDWebImageFrame.m; sourceTree = "<group>"; };
		4E3FA0F821B627DA0053B982 /* SDImageCache.h */ = {isa = PBXFileReference; fileEncoding = 4; lastKnownFileType = sourcecode.c.h; path = SDImageCache.h; sourceTree = "<group>"; };
		4E3FA0F921B627DA0053B982 /* UIImage+ForceDecode.m */ = {isa = PBXFileReference; fileEncoding = 4; lastKnownFileType = sourcecode.c.objc; path = "UIImage+ForceDecode.m"; sourceTree = "<group>"; };
		4E3FA0FA21B627DA0053B982 /* SDImageCacheConfig.h */ = {isa = PBXFileReference; fileEncoding = 4; lastKnownFileType = sourcecode.c.h; path = SDImageCacheConfig.h; sourceTree = "<group>"; };
		4E3FA0FB21B627DA0053B982 /* SDWebImageCodersManager.m */ = {isa = PBXFileReference; fileEncoding = 4; lastKnownFileType = sourcecode.c.objc; path = SDWebImageCodersManager.m; sourceTree = "<group>"; };
		4E3FA0FD21B627DA0053B982 /* FLAnimatedImageView+WebCache.m */ = {isa = PBXFileReference; fileEncoding = 4; lastKnownFileType = sourcecode.c.objc; path = "FLAnimatedImageView+WebCache.m"; sourceTree = "<group>"; };
		4E3FA0FE21B627DA0053B982 /* FLAnimatedImage.m */ = {isa = PBXFileReference; fileEncoding = 4; lastKnownFileType = sourcecode.c.objc; path = FLAnimatedImage.m; sourceTree = "<group>"; };
		4E3FA0FF21B627DA0053B982 /* FLAnimatedImageView.m */ = {isa = PBXFileReference; fileEncoding = 4; lastKnownFileType = sourcecode.c.objc; path = FLAnimatedImageView.m; sourceTree = "<group>"; };
		4E3FA10021B627DA0053B982 /* FLAnimatedImageView+WebCache.h */ = {isa = PBXFileReference; fileEncoding = 4; lastKnownFileType = sourcecode.c.h; path = "FLAnimatedImageView+WebCache.h"; sourceTree = "<group>"; };
		4E3FA10121B627DA0053B982 /* FLAnimatedImage.h */ = {isa = PBXFileReference; fileEncoding = 4; lastKnownFileType = sourcecode.c.h; path = FLAnimatedImage.h; sourceTree = "<group>"; };
		4E3FA10221B627DA0053B982 /* FLAnimatedImageView.h */ = {isa = PBXFileReference; fileEncoding = 4; lastKnownFileType = sourcecode.c.h; path = FLAnimatedImageView.h; sourceTree = "<group>"; };
		4E3FA10321B627DA0053B982 /* SDWebImageDownloader.m */ = {isa = PBXFileReference; fileEncoding = 4; lastKnownFileType = sourcecode.c.objc; path = SDWebImageDownloader.m; sourceTree = "<group>"; };
		4E3FA10421B627DA0053B982 /* SDWebImageGIFCoder.h */ = {isa = PBXFileReference; fileEncoding = 4; lastKnownFileType = sourcecode.c.h; path = SDWebImageGIFCoder.h; sourceTree = "<group>"; };
		4E3FA10521B627DA0053B982 /* SDWebImageWebPCoder.h */ = {isa = PBXFileReference; fileEncoding = 4; lastKnownFileType = sourcecode.c.h; path = SDWebImageWebPCoder.h; sourceTree = "<group>"; };
		4E3FA10621B627DA0053B982 /* UIImage+GIF.m */ = {isa = PBXFileReference; fileEncoding = 4; lastKnownFileType = sourcecode.c.objc; path = "UIImage+GIF.m"; sourceTree = "<group>"; };
		4E3FA10721B627DA0053B982 /* UIButton+WebCache.h */ = {isa = PBXFileReference; fileEncoding = 4; lastKnownFileType = sourcecode.c.h; path = "UIButton+WebCache.h"; sourceTree = "<group>"; };
		4E3FA10821B627DA0053B982 /* UIImage+MultiFormat.m */ = {isa = PBXFileReference; fileEncoding = 4; lastKnownFileType = sourcecode.c.objc; path = "UIImage+MultiFormat.m"; sourceTree = "<group>"; };
		4E3FA10921B627DA0053B982 /* SDWebImageCoderHelper.m */ = {isa = PBXFileReference; fileEncoding = 4; lastKnownFileType = sourcecode.c.objc; path = SDWebImageCoderHelper.m; sourceTree = "<group>"; };
		4E3FA10A21B627DA0053B982 /* SDWebImageCompat.m */ = {isa = PBXFileReference; fileEncoding = 4; lastKnownFileType = sourcecode.c.objc; path = SDWebImageCompat.m; sourceTree = "<group>"; };
		4E3FA10B21B627DA0053B982 /* SDWebImageImageIOCoder.h */ = {isa = PBXFileReference; fileEncoding = 4; lastKnownFileType = sourcecode.c.h; path = SDWebImageImageIOCoder.h; sourceTree = "<group>"; };
		4E3FA10D21B627DA0053B982 /* SDWebImageSequenceDiagram.png */ = {isa = PBXFileReference; lastKnownFileType = image.png; path = SDWebImageSequenceDiagram.png; sourceTree = "<group>"; };
		4E3FA10E21B627DA0053B982 /* HowToUse.md */ = {isa = PBXFileReference; fileEncoding = 4; lastKnownFileType = net.daringfireball.markdown; path = HowToUse.md; sourceTree = "<group>"; };
		4E3FA10F21B627DA0053B982 /* SDWebImage.mdj */ = {isa = PBXFileReference; fileEncoding = 4; lastKnownFileType = text; path = SDWebImage.mdj; sourceTree = "<group>"; };
		4E3FA11021B627DA0053B982 /* SDWebImage-4.0-Migration-guide.md */ = {isa = PBXFileReference; fileEncoding = 4; lastKnownFileType = net.daringfireball.markdown; path = "SDWebImage-4.0-Migration-guide.md"; sourceTree = "<group>"; };
		4E3FA11121B627DA0053B982 /* SDWebImageClassDiagram.png */ = {isa = PBXFileReference; lastKnownFileType = image.png; path = SDWebImageClassDiagram.png; sourceTree = "<group>"; };
		4E3FA11221B627DA0053B982 /* ManualInstallation.md */ = {isa = PBXFileReference; fileEncoding = 4; lastKnownFileType = net.daringfireball.markdown; path = ManualInstallation.md; sourceTree = "<group>"; };
		4E3FA11321B627DA0053B982 /* SDWebImagePrefetcher.m */ = {isa = PBXFileReference; fileEncoding = 4; lastKnownFileType = sourcecode.c.objc; path = SDWebImagePrefetcher.m; sourceTree = "<group>"; };
		4E3FA11421B627DA0053B982 /* UIView+WebCache.h */ = {isa = PBXFileReference; fileEncoding = 4; lastKnownFileType = sourcecode.c.h; path = "UIView+WebCache.h"; sourceTree = "<group>"; };
		4E3FA11521B627DA0053B982 /* UIView+WebCacheOperation.h */ = {isa = PBXFileReference; fileEncoding = 4; lastKnownFileType = sourcecode.c.h; path = "UIView+WebCacheOperation.h"; sourceTree = "<group>"; };
		4E3FA11621B627DA0053B982 /* SDWebImageCoder.m */ = {isa = PBXFileReference; fileEncoding = 4; lastKnownFileType = sourcecode.c.objc; path = SDWebImageCoder.m; sourceTree = "<group>"; };
		4E3FA11721B627DA0053B982 /* NSButton+WebCache.m */ = {isa = PBXFileReference; fileEncoding = 4; lastKnownFileType = sourcecode.c.objc; path = "NSButton+WebCache.m"; sourceTree = "<group>"; };
		4E3FA11821B627DA0053B982 /* MKAnnotationView+WebCache.h */ = {isa = PBXFileReference; fileEncoding = 4; lastKnownFileType = sourcecode.c.h; path = "MKAnnotationView+WebCache.h"; sourceTree = "<group>"; };
		4E3FA11921B627DA0053B982 /* UIImage+WebP.h */ = {isa = PBXFileReference; fileEncoding = 4; lastKnownFileType = sourcecode.c.h; path = "UIImage+WebP.h"; sourceTree = "<group>"; };
		4E3FA11A21B627DA0053B982 /* SDAnimatedImageRep.m */ = {isa = PBXFileReference; fileEncoding = 4; lastKnownFileType = sourcecode.c.objc; path = SDAnimatedImageRep.m; sourceTree = "<group>"; };
		4E3FA11B21B627DA0053B982 /* SDImageCache.m */ = {isa = PBXFileReference; fileEncoding = 4; lastKnownFileType = sourcecode.c.objc; path = SDImageCache.m; sourceTree = "<group>"; };
		4E3FA11C21B627DA0053B982 /* SDWebImageFrame.h */ = {isa = PBXFileReference; fileEncoding = 4; lastKnownFileType = sourcecode.c.h; path = SDWebImageFrame.h; sourceTree = "<group>"; };
		4E3FA11D21B627DA0053B982 /* UIImageView+HighlightedWebCache.h */ = {isa = PBXFileReference; fileEncoding = 4; lastKnownFileType = sourcecode.c.h; path = "UIImageView+HighlightedWebCache.h"; sourceTree = "<group>"; };
		4E3FA11E21B627DA0053B982 /* SDWebImageDownloaderOperation.m */ = {isa = PBXFileReference; fileEncoding = 4; lastKnownFileType = sourcecode.c.objc; path = SDWebImageDownloaderOperation.m; sourceTree = "<group>"; };
		4E3FA11F21B627DA0053B982 /* SDWebImageTransition.m */ = {isa = PBXFileReference; fileEncoding = 4; lastKnownFileType = sourcecode.c.objc; path = SDWebImageTransition.m; sourceTree = "<group>"; };
		4E3FA12021B627DA0053B982 /* SDWebImageManager.h */ = {isa = PBXFileReference; fileEncoding = 4; lastKnownFileType = sourcecode.c.h; path = SDWebImageManager.h; sourceTree = "<group>"; };
		4E3FA12121B627DA0053B982 /* NSData+ImageContentType.m */ = {isa = PBXFileReference; fileEncoding = 4; lastKnownFileType = sourcecode.c.objc; path = "NSData+ImageContentType.m"; sourceTree = "<group>"; };
		4E3FA12221B627DA0053B982 /* UIImageView+WebCache.m */ = {isa = PBXFileReference; fileEncoding = 4; lastKnownFileType = sourcecode.c.objc; path = "UIImageView+WebCache.m"; sourceTree = "<group>"; };
		4E3FA12321B627DA0053B982 /* SDWebImageOperation.h */ = {isa = PBXFileReference; fileEncoding = 4; lastKnownFileType = sourcecode.c.h; path = SDWebImageOperation.h; sourceTree = "<group>"; };
		4E3FA12421B627DA0053B982 /* NSImage+WebCache.m */ = {isa = PBXFileReference; fileEncoding = 4; lastKnownFileType = sourcecode.c.objc; path = "NSImage+WebCache.m"; sourceTree = "<group>"; };
		4E3FA12521B627DA0053B982 /* SDWebImageGIFCoder.m */ = {isa = PBXFileReference; fileEncoding = 4; lastKnownFileType = sourcecode.c.objc; path = SDWebImageGIFCoder.m; sourceTree = "<group>"; };
		4E3FA12621B627DA0053B982 /* SDWebImageDownloader.h */ = {isa = PBXFileReference; fileEncoding = 4; lastKnownFileType = sourcecode.c.h; path = SDWebImageDownloader.h; sourceTree = "<group>"; };
		4E3FA12721B627DA0053B982 /* SDImageCacheConfig.m */ = {isa = PBXFileReference; fileEncoding = 4; lastKnownFileType = sourcecode.c.objc; path = SDImageCacheConfig.m; sourceTree = "<group>"; };
		4E3FA12821B627DA0053B982 /* SDWebImageCodersManager.h */ = {isa = PBXFileReference; fileEncoding = 4; lastKnownFileType = sourcecode.c.h; path = SDWebImageCodersManager.h; sourceTree = "<group>"; };
		4E3FA12921B627DA0053B982 /* UIImage+ForceDecode.h */ = {isa = PBXFileReference; fileEncoding = 4; lastKnownFileType = sourcecode.c.h; path = "UIImage+ForceDecode.h"; sourceTree = "<group>"; };
		4E3FA12A21B627DA0053B982 /* UIView+WebCacheOperation.m */ = {isa = PBXFileReference; fileEncoding = 4; lastKnownFileType = sourcecode.c.objc; path = "UIView+WebCacheOperation.m"; sourceTree = "<group>"; };
		4E3FA12B21B627DA0053B982 /* UIView+WebCache.m */ = {isa = PBXFileReference; fileEncoding = 4; lastKnownFileType = sourcecode.c.objc; path = "UIView+WebCache.m"; sourceTree = "<group>"; };
		4E3FA12C21B627DA0053B982 /* SDWebImagePrefetcher.h */ = {isa = PBXFileReference; fileEncoding = 4; lastKnownFileType = sourcecode.c.h; path = SDWebImagePrefetcher.h; sourceTree = "<group>"; };
		4E3FA12D21B627DA0053B982 /* SDWebImageImageIOCoder.m */ = {isa = PBXFileReference; fileEncoding = 4; lastKnownFileType = sourcecode.c.objc; path = SDWebImageImageIOCoder.m; sourceTree = "<group>"; };
		4E3FA12E21B627DA0053B982 /* SDWebImageCompat.h */ = {isa = PBXFileReference; fileEncoding = 4; lastKnownFileType = sourcecode.c.h; path = SDWebImageCompat.h; sourceTree = "<group>"; };
		4E3FA12F21B627DA0053B982 /* SDWebImageCoderHelper.h */ = {isa = PBXFileReference; fileEncoding = 4; lastKnownFileType = sourcecode.c.h; path = SDWebImageCoderHelper.h; sourceTree = "<group>"; };
		4E3FA13021B627DA0053B982 /* UIImage+MultiFormat.h */ = {isa = PBXFileReference; fileEncoding = 4; lastKnownFileType = sourcecode.c.h; path = "UIImage+MultiFormat.h"; sourceTree = "<group>"; };
		4E3FA13121B627DA0053B982 /* UIButton+WebCache.m */ = {isa = PBXFileReference; fileEncoding = 4; lastKnownFileType = sourcecode.c.objc; path = "UIButton+WebCache.m"; sourceTree = "<group>"; };
		4E3FA13221B627DA0053B982 /* SDWebImageWebPCoder.m */ = {isa = PBXFileReference; fileEncoding = 4; lastKnownFileType = sourcecode.c.objc; path = SDWebImageWebPCoder.m; sourceTree = "<group>"; };
		4E3FA13321B627DA0053B982 /* UIImage+GIF.h */ = {isa = PBXFileReference; fileEncoding = 4; lastKnownFileType = sourcecode.c.h; path = "UIImage+GIF.h"; sourceTree = "<group>"; };
		4EB19D2121B422180093FB17 /* GitTest.app */ = {isa = PBXFileReference; explicitFileType = wrapper.application; includeInIndex = 0; path = GitTest.app; sourceTree = BUILT_PRODUCTS_DIR; };
		4EB19D2421B422180093FB17 /* AppDelegate.h */ = {isa = PBXFileReference; lastKnownFileType = sourcecode.c.h; path = AppDelegate.h; sourceTree = "<group>"; };
		4EB19D2521B422180093FB17 /* AppDelegate.m */ = {isa = PBXFileReference; lastKnownFileType = sourcecode.c.objc; path = AppDelegate.m; sourceTree = "<group>"; };
		4EB19D2721B422180093FB17 /* ViewController.h */ = {isa = PBXFileReference; lastKnownFileType = sourcecode.c.h; path = ViewController.h; sourceTree = "<group>"; };
		4EB19D2821B422180093FB17 /* ViewController.m */ = {isa = PBXFileReference; lastKnownFileType = sourcecode.c.objc; path = ViewController.m; sourceTree = "<group>"; };
		4EB19D2B21B422180093FB17 /* Base */ = {isa = PBXFileReference; lastKnownFileType = file.storyboard; name = Base; path = Base.lproj/Main.storyboard; sourceTree = "<group>"; };
		4EB19D2D21B422190093FB17 /* Assets.xcassets */ = {isa = PBXFileReference; lastKnownFileType = folder.assetcatalog; path = Assets.xcassets; sourceTree = "<group>"; };
		4EB19D3021B422190093FB17 /* Base */ = {isa = PBXFileReference; lastKnownFileType = file.storyboard; name = Base; path = Base.lproj/LaunchScreen.storyboard; sourceTree = "<group>"; };
		4EB19D3221B422190093FB17 /* Info.plist */ = {isa = PBXFileReference; lastKnownFileType = text.plist.xml; path = Info.plist; sourceTree = "<group>"; };
		4EB19D3321B422190093FB17 /* main.m */ = {isa = PBXFileReference; lastKnownFileType = sourcecode.c.objc; path = main.m; sourceTree = "<group>"; };
/* End PBXFileReference section */

/* Begin PBXFrameworksBuildPhase section */
		4EB19D1E21B422180093FB17 /* Frameworks */ = {
			isa = PBXFrameworksBuildPhase;
			buildActionMask = 2147483647;
			files = (
			);
			runOnlyForDeploymentPostprocessing = 0;
		};
/* End PBXFrameworksBuildPhase section */

/* Begin PBXGroup section */
		4E3FA0E621B626F70053B982 /* Lib */ = {
			isa = PBXGroup;
			children = (
				4E3FA0EA21B627DA0053B982 /* SDWebImage */,
			);
			path = Lib;
			sourceTree = "<group>";
		};
		4E3FA0E721B6276C0053B982 /* Others */ = {
			isa = PBXGroup;
			children = (
				4EB19D2421B422180093FB17 /* AppDelegate.h */,
				4EB19D2521B422180093FB17 /* AppDelegate.m */,
				4EB19D3221B422190093FB17 /* Info.plist */,
				4EB19D3321B422190093FB17 /* main.m */,
				4EB19D2D21B422190093FB17 /* Assets.xcassets */,
			);
			path = Others;
			sourceTree = "<group>";
		};
		4E3FA0E821B6277B0053B982 /* Controllers */ = {
			isa = PBXGroup;
			children = (
				4EB19D2721B422180093FB17 /* ViewController.h */,
				4EB19D2821B422180093FB17 /* ViewController.m */,
			);
			path = Controllers;
			sourceTree = "<group>";
		};
		4E3FA0E921B627870053B982 /* Views */ = {
			isa = PBXGroup;
			children = (
				4EB19D2A21B422180093FB17 /* Main.storyboard */,
				4EB19D2F21B422190093FB17 /* LaunchScreen.storyboard */,
			);
			path = Views;
			sourceTree = "<group>";
		};
		4E3FA0EA21B627DA0053B982 /* SDWebImage */ = {
			isa = PBXGroup;
			children = (
				4E3FA0EB21B627DA0053B982 /* SDAnimatedImageRep.h */,
				4E3FA0EC21B627DA0053B982 /* UIImage+WebP.m */,
				4E3FA0ED21B627DA0053B982 /* MKAnnotationView+WebCache.m */,
				4E3FA0EE21B627DA0053B982 /* NSButton+WebCache.h */,
				4E3FA0EF21B627DA0053B982 /* SDWebImageCoder.h */,
				4E3FA0F021B627DA0053B982 /* NSImage+WebCache.h */,
				4E3FA0F121B627DA0053B982 /* UIImageView+WebCache.h */,
				4E3FA0F221B627DA0053B982 /* NSData+ImageContentType.h */,
				4E3FA0F321B627DA0053B982 /* SDWebImageTransition.h */,
				4E3FA0F421B627DA0053B982 /* SDWebImageManager.m */,
				4E3FA0F521B627DA0053B982 /* SDWebImageDownloaderOperation.h */,
				4E3FA0F621B627DA0053B982 /* UIImageView+HighlightedWebCache.m */,
				4E3FA0F721B627DA0053B982 /* SDWebImageFrame.m */,
				4E3FA0F821B627DA0053B982 /* SDImageCache.h */,
				4E3FA0F921B627DA0053B982 /* UIImage+ForceDecode.m */,
				4E3FA0FA21B627DA0053B982 /* SDImageCacheConfig.h */,
				4E3FA0FB21B627DA0053B982 /* SDWebImageCodersManager.m */,
				4E3FA0FC21B627DA0053B982 /* FLAnimatedImage */,
				4E3FA10321B627DA0053B982 /* SDWebImageDownloader.m */,
				4E3FA10421B627DA0053B982 /* SDWebImageGIFCoder.h */,
				4E3FA10521B627DA0053B982 /* SDWebImageWebPCoder.h */,
				4E3FA10621B627DA0053B982 /* UIImage+GIF.m */,
				4E3FA10721B627DA0053B982 /* UIButton+WebCache.h */,
				4E3FA10821B627DA0053B982 /* UIImage+MultiFormat.m */,
				4E3FA10921B627DA0053B982 /* SDWebImageCoderHelper.m */,
				4E3FA10A21B627DA0053B982 /* SDWebImageCompat.m */,
				4E3FA10B21B627DA0053B982 /* SDWebImageImageIOCoder.h */,
				4E3FA10C21B627DA0053B982 /* Docs */,
				4E3FA11321B627DA0053B982 /* SDWebImagePrefetcher.m */,
				4E3FA11421B627DA0053B982 /* UIView+WebCache.h */,
				4E3FA11521B627DA0053B982 /* UIView+WebCacheOperation.h */,
				4E3FA11621B627DA0053B982 /* SDWebImageCoder.m */,
				4E3FA11721B627DA0053B982 /* NSButton+WebCache.m */,
				4E3FA11821B627DA0053B982 /* MKAnnotationView+WebCache.h */,
				4E3FA11921B627DA0053B982 /* UIImage+WebP.h */,
				4E3FA11A21B627DA0053B982 /* SDAnimatedImageRep.m */,
				4E3FA11B21B627DA0053B982 /* SDImageCache.m */,
				4E3FA11C21B627DA0053B982 /* SDWebImageFrame.h */,
				4E3FA11D21B627DA0053B982 /* UIImageView+HighlightedWebCache.h */,
				4E3FA11E21B627DA0053B982 /* SDWebImageDownloaderOperation.m */,
				4E3FA11F21B627DA0053B982 /* SDWebImageTransition.m */,
				4E3FA12021B627DA0053B982 /* SDWebImageManager.h */,
				4E3FA12121B627DA0053B982 /* NSData+ImageContentType.m */,
				4E3FA12221B627DA0053B982 /* UIImageView+WebCache.m */,
				4E3FA12321B627DA0053B982 /* SDWebImageOperation.h */,
				4E3FA12421B627DA0053B982 /* NSImage+WebCache.m */,
				4E3FA12521B627DA0053B982 /* SDWebImageGIFCoder.m */,
				4E3FA12621B627DA0053B982 /* SDWebImageDownloader.h */,
				4E3FA12721B627DA0053B982 /* SDImageCacheConfig.m */,
				4E3FA12821B627DA0053B982 /* SDWebImageCodersManager.h */,
				4E3FA12921B627DA0053B982 /* UIImage+ForceDecode.h */,
				4E3FA12A21B627DA0053B982 /* UIView+WebCacheOperation.m */,
				4E3FA12B21B627DA0053B982 /* UIView+WebCache.m */,
				4E3FA12C21B627DA0053B982 /* SDWebImagePrefetcher.h */,
				4E3FA12D21B627DA0053B982 /* SDWebImageImageIOCoder.m */,
				4E3FA12E21B627DA0053B982 /* SDWebImageCompat.h */,
				4E3FA12F21B627DA0053B982 /* SDWebImageCoderHelper.h */,
				4E3FA13021B627DA0053B982 /* UIImage+MultiFormat.h */,
				4E3FA13121B627DA0053B982 /* UIButton+WebCache.m */,
				4E3FA13221B627DA0053B982 /* SDWebImageWebPCoder.m */,
				4E3FA13321B627DA0053B982 /* UIImage+GIF.h */,
			);
			path = SDWebImage;
			sourceTree = "<group>";
		};
		4E3FA0FC21B627DA0053B982 /* FLAnimatedImage */ = {
			isa = PBXGroup;
			children = (
				4E3FA0FD21B627DA0053B982 /* FLAnimatedImageView+WebCache.m */,
				4E3FA0FE21B627DA0053B982 /* FLAnimatedImage.m */,
				4E3FA0FF21B627DA0053B982 /* FLAnimatedImageView.m */,
				4E3FA10021B627DA0053B982 /* FLAnimatedImageView+WebCache.h */,
				4E3FA10121B627DA0053B982 /* FLAnimatedImage.h */,
				4E3FA10221B627DA0053B982 /* FLAnimatedImageView.h */,
			);
			path = FLAnimatedImage;
			sourceTree = "<group>";
		};
		4E3FA10C21B627DA0053B982 /* Docs */ = {
			isa = PBXGroup;
			children = (
				4E3FA10D21B627DA0053B982 /* SDWebImageSequenceDiagram.png */,
				4E3FA10E21B627DA0053B982 /* HowToUse.md */,
				4E3FA10F21B627DA0053B982 /* SDWebImage.mdj */,
				4E3FA11021B627DA0053B982 /* SDWebImage-4.0-Migration-guide.md */,
				4E3FA11121B627DA0053B982 /* SDWebImageClassDiagram.png */,
				4E3FA11221B627DA0053B982 /* ManualInstallation.md */,
			);
			path = Docs;
			sourceTree = "<group>";
		};
		4EB19D1821B422180093FB17 = {
			isa = PBXGroup;
			children = (
				4EB19D2321B422180093FB17 /* GitTest */,
				4EB19D2221B422180093FB17 /* Products */,
			);
			sourceTree = "<group>";
		};
		4EB19D2221B422180093FB17 /* Products */ = {
			isa = PBXGroup;
			children = (
				4EB19D2121B422180093FB17 /* GitTest.app */,
			);
			name = Products;
			sourceTree = "<group>";
		};
		4EB19D2321B422180093FB17 /* GitTest */ = {
			isa = PBXGroup;
			children = (
				4E3FA0E721B6276C0053B982 /* Others */,
				4E3FA0E921B627870053B982 /* Views */,
				4E3FA0E821B6277B0053B982 /* Controllers */,
				4E3FA0E621B626F70053B982 /* Lib */,
			);
			path = GitTest;
			sourceTree = "<group>";
		};
/* End PBXGroup section */

/* Begin PBXNativeTarget section */
		4EB19D2021B422180093FB17 /* GitTest */ = {
			isa = PBXNativeTarget;
			buildConfigurationList = 4EB19D3721B422190093FB17 /* Build configuration list for PBXNativeTarget "GitTest" */;
			buildPhases = (
				4EB19D1D21B422180093FB17 /* Sources */,
				4EB19D1E21B422180093FB17 /* Frameworks */,
				4EB19D1F21B422180093FB17 /* Resources */,
			);
			buildRules = (
			);
			dependencies = (
			);
			name = GitTest;
			productName = GitTest;
			productReference = 4EB19D2121B422180093FB17 /* GitTest.app */;
			productType = "com.apple.product-type.application";
		};
/* End PBXNativeTarget section */

/* Begin PBXProject section */
		4EB19D1921B422180093FB17 /* Project object */ = {
			isa = PBXProject;
			attributes = {
				LastUpgradeCheck = 1000;
				ORGANIZATIONNAME = PSTHD;
				TargetAttributes = {
					4EB19D2021B422180093FB17 = {
						CreatedOnToolsVersion = 10.0;
					};
				};
			};
			buildConfigurationList = 4EB19D1C21B422180093FB17 /* Build configuration list for PBXProject "GitTest" */;
			compatibilityVersion = "Xcode 9.3";
			developmentRegion = en;
			hasScannedForEncodings = 0;
			knownRegions = (
				en,
				Base,
			);
			mainGroup = 4EB19D1821B422180093FB17;
			productRefGroup = 4EB19D2221B422180093FB17 /* Products */;
			projectDirPath = "";
			projectRoot = "";
			targets = (
				4EB19D2021B422180093FB17 /* GitTest */,
			);
		};
/* End PBXProject section */

/* Begin PBXResourcesBuildPhase section */
		4EB19D1F21B422180093FB17 /* Resources */ = {
			isa = PBXResourcesBuildPhase;
			buildActionMask = 2147483647;
			files = (
				4E3FA14721B627DB0053B982 /* SDWebImageClassDiagram.png in Resources */,
				4E3FA14621B627DB0053B982 /* SDWebImage-4.0-Migration-guide.md in Resources */,
				4EB19D3121B422190093FB17 /* LaunchScreen.storyboard in Resources */,
				4E3FA14421B627DB0053B982 /* HowToUse.md in Resources */,
				4EB19D2E21B422190093FB17 /* Assets.xcassets in Resources */,
				4E3FA14321B627DB0053B982 /* SDWebImageSequenceDiagram.png in Resources */,
				4EB19D2C21B422180093FB17 /* Main.storyboard in Resources */,
				4E3FA14521B627DB0053B982 /* SDWebImage.mdj in Resources */,
				4E3FA14821B627DB0053B982 /* ManualInstallation.md in Resources */,
			);
			runOnlyForDeploymentPostprocessing = 0;
		};
/* End PBXResourcesBuildPhase section */

/* Begin PBXSourcesBuildPhase section */
		4EB19D1D21B422180093FB17 /* Sources */ = {
			isa = PBXSourcesBuildPhase;
			buildActionMask = 2147483647;
			files = (
				4E3FA14021B627DB0053B982 /* UIImage+MultiFormat.m in Sources */,
				4E3FA15821B627DB0053B982 /* UIButton+WebCache.m in Sources */,
				4E3FA14A21B627DB0053B982 /* SDWebImageCoder.m in Sources */,
				4E3FA15621B627DB0053B982 /* UIView+WebCache.m in Sources */,
				4E3FA14D21B627DB0053B982 /* SDImageCache.m in Sources */,
				4E3FA15321B627DB0053B982 /* SDWebImageGIFCoder.m in Sources */,
				4EB19D2921B422180093FB17 /* ViewController.m in Sources */,
				4E3FA13A21B627DB0053B982 /* SDWebImageCodersManager.m in Sources */,
				4E3FA14B21B627DB0053B982 /* NSButton+WebCache.m in Sources */,
				4E3FA14921B627DB0053B982 /* SDWebImagePrefetcher.m in Sources */,
				4E3FA13921B627DB0053B982 /* UIImage+ForceDecode.m in Sources */,
				4E3FA13F21B627DB0053B982 /* UIImage+GIF.m in Sources */,
				4EB19D3421B422190093FB17 /* main.m in Sources */,
				4E3FA15521B627DB0053B982 /* UIView+WebCacheOperation.m in Sources */,
				4E3FA13B21B627DB0053B982 /* FLAnimatedImageView+WebCache.m in Sources */,
				4EB19D2621B422180093FB17 /* AppDelegate.m in Sources */,
				4E3FA14F21B627DB0053B982 /* SDWebImageTransition.m in Sources */,
				4E3FA13621B627DA0053B982 /* SDWebImageManager.m in Sources */,
				4E3FA15721B627DB0053B982 /* SDWebImageImageIOCoder.m in Sources */,
				4E3FA14121B627DB0053B982 /* SDWebImageCoderHelper.m in Sources */,
				4E3FA13521B627DA0053B982 /* MKAnnotationView+WebCache.m in Sources */,
				4E3FA15021B627DB0053B982 /* NSData+ImageContentType.m in Sources */,
				4E3FA13C21B627DB0053B982 /* FLAnimatedImage.m in Sources */,
				4E3FA14C21B627DB0053B982 /* SDAnimatedImageRep.m in Sources */,
				4E3FA13721B627DB0053B982 /* UIImageView+HighlightedWebCache.m in Sources */,
				4E3FA14E21B627DB0053B982 /* SDWebImageDownloaderOperation.m in Sources */,
				4E3FA14221B627DB0053B982 /* SDWebImageCompat.m in Sources */,
				4E3FA15221B627DB0053B982 /* NSImage+WebCache.m in Sources */,
				4E3FA13421B627DA0053B982 /* UIImage+WebP.m in Sources */,
				4E3FA15921B627DB0053B982 /* SDWebImageWebPCoder.m in Sources */,
				4E3FA15421B627DB0053B982 /* SDImageCacheConfig.m in Sources */,
				4E3FA15121B627DB0053B982 /* UIImageView+WebCache.m in Sources */,
				4E3FA13D21B627DB0053B982 /* FLAnimatedImageView.m in Sources */,
				4E3FA13E21B627DB0053B982 /* SDWebImageDownloader.m in Sources */,
				4E3FA13821B627DB0053B982 /* SDWebImageFrame.m in Sources */,
			);
			runOnlyForDeploymentPostprocessing = 0;
		};
/* End PBXSourcesBuildPhase section */

/* Begin PBXVariantGroup section */
		4EB19D2A21B422180093FB17 /* Main.storyboard */ = {
			isa = PBXVariantGroup;
			children = (
				4EB19D2B21B422180093FB17 /* Base */,
			);
			name = Main.storyboard;
			sourceTree = "<group>";
		};
		4EB19D2F21B422190093FB17 /* LaunchScreen.storyboard */ = {
			isa = PBXVariantGroup;
			children = (
				4EB19D3021B422190093FB17 /* Base */,
			);
			name = LaunchScreen.storyboard;
			sourceTree = "<group>";
		};
/* End PBXVariantGroup section */

/* Begin XCBuildConfiguration section */
		4EB19D3521B422190093FB17 /* Debug */ = {
			isa = XCBuildConfiguration;
			buildSettings = {
				ALWAYS_SEARCH_USER_PATHS = NO;
				CLANG_ANALYZER_NONNULL = YES;
				CLANG_ANALYZER_NUMBER_OBJECT_CONVERSION = YES_AGGRESSIVE;
				CLANG_CXX_LANGUAGE_STANDARD = "gnu++14";
				CLANG_CXX_LIBRARY = "libc++";
				CLANG_ENABLE_MODULES = YES;
				CLANG_ENABLE_OBJC_ARC = YES;
				CLANG_ENABLE_OBJC_WEAK = YES;
				CLANG_WARN_BLOCK_CAPTURE_AUTORELEASING = YES;
				CLANG_WARN_BOOL_CONVERSION = YES;
				CLANG_WARN_COMMA = YES;
				CLANG_WARN_CONSTANT_CONVERSION = YES;
				CLANG_WARN_DEPRECATED_OBJC_IMPLEMENTATIONS = YES;
				CLANG_WARN_DIRECT_OBJC_ISA_USAGE = YES_ERROR;
				CLANG_WARN_DOCUMENTATION_COMMENTS = YES;
				CLANG_WARN_EMPTY_BODY = YES;
				CLANG_WARN_ENUM_CONVERSION = YES;
				CLANG_WARN_INFINITE_RECURSION = YES;
				CLANG_WARN_INT_CONVERSION = YES;
				CLANG_WARN_NON_LITERAL_NULL_CONVERSION = YES;
				CLANG_WARN_OBJC_IMPLICIT_RETAIN_SELF = YES;
				CLANG_WARN_OBJC_LITERAL_CONVERSION = YES;
				CLANG_WARN_OBJC_ROOT_CLASS = YES_ERROR;
				CLANG_WARN_RANGE_LOOP_ANALYSIS = YES;
				CLANG_WARN_STRICT_PROTOTYPES = YES;
				CLANG_WARN_SUSPICIOUS_MOVE = YES;
				CLANG_WARN_UNGUARDED_AVAILABILITY = YES_AGGRESSIVE;
				CLANG_WARN_UNREACHABLE_CODE = YES;
				CLANG_WARN__DUPLICATE_METHOD_MATCH = YES;
				CODE_SIGN_IDENTITY = "iPhone Developer";
				COPY_PHASE_STRIP = NO;
				DEBUG_INFORMATION_FORMAT = dwarf;
				ENABLE_STRICT_OBJC_MSGSEND = YES;
				ENABLE_TESTABILITY = YES;
				GCC_C_LANGUAGE_STANDARD = gnu11;
				GCC_DYNAMIC_NO_PIC = NO;
				GCC_NO_COMMON_BLOCKS = YES;
				GCC_OPTIMIZATION_LEVEL = 0;
				GCC_PREPROCESSOR_DEFINITIONS = (
					"DEBUG=1",
					"$(inherited)",
				);
				GCC_WARN_64_TO_32_BIT_CONVERSION = YES;
				GCC_WARN_ABOUT_RETURN_TYPE = YES_ERROR;
				GCC_WARN_UNDECLARED_SELECTOR = YES;
				GCC_WARN_UNINITIALIZED_AUTOS = YES_AGGRESSIVE;
				GCC_WARN_UNUSED_FUNCTION = YES;
				GCC_WARN_UNUSED_VARIABLE = YES;
				IPHONEOS_DEPLOYMENT_TARGET = 12.0;
				MTL_ENABLE_DEBUG_INFO = INCLUDE_SOURCE;
				MTL_FAST_MATH = YES;
				ONLY_ACTIVE_ARCH = YES;
				SDKROOT = iphoneos;
			};
			name = Debug;
		};
		4EB19D3621B422190093FB17 /* Release */ = {
			isa = XCBuildConfiguration;
			buildSettings = {
				ALWAYS_SEARCH_USER_PATHS = NO;
				CLANG_ANALYZER_NONNULL = YES;
				CLANG_ANALYZER_NUMBER_OBJECT_CONVERSION = YES_AGGRESSIVE;
				CLANG_CXX_LANGUAGE_STANDARD = "gnu++14";
				CLANG_CXX_LIBRARY = "libc++";
				CLANG_ENABLE_MODULES = YES;
				CLANG_ENABLE_OBJC_ARC = YES;
				CLANG_ENABLE_OBJC_WEAK = YES;
				CLANG_WARN_BLOCK_CAPTURE_AUTORELEASING = YES;
				CLANG_WARN_BOOL_CONVERSION = YES;
				CLANG_WARN_COMMA = YES;
				CLANG_WARN_CONSTANT_CONVERSION = YES;
				CLANG_WARN_DEPRECATED_OBJC_IMPLEMENTATIONS = YES;
				CLANG_WARN_DIRECT_OBJC_ISA_USAGE = YES_ERROR;
				CLANG_WARN_DOCUMENTATION_COMMENTS = YES;
				CLANG_WARN_EMPTY_BODY = YES;
				CLANG_WARN_ENUM_CONVERSION = YES;
				CLANG_WARN_INFINITE_RECURSION = YES;
				CLANG_WARN_INT_CONVERSION = YES;
				CLANG_WARN_NON_LITERAL_NULL_CONVERSION = YES;
				CLANG_WARN_OBJC_IMPLICIT_RETAIN_SELF = YES;
				CLANG_WARN_OBJC_LITERAL_CONVERSION = YES;
				CLANG_WARN_OBJC_ROOT_CLASS = YES_ERROR;
				CLANG_WARN_RANGE_LOOP_ANALYSIS = YES;
				CLANG_WARN_STRICT_PROTOTYPES = YES;
				CLANG_WARN_SUSPICIOUS_MOVE = YES;
				CLANG_WARN_UNGUARDED_AVAILABILITY = YES_AGGRESSIVE;
				CLANG_WARN_UNREACHABLE_CODE = YES;
				CLANG_WARN__DUPLICATE_METHOD_MATCH = YES;
				CODE_SIGN_IDENTITY = "iPhone Developer";
				COPY_PHASE_STRIP = NO;
				DEBUG_INFORMATION_FORMAT = "dwarf-with-dsym";
				ENABLE_NS_ASSERTIONS = NO;
				ENABLE_STRICT_OBJC_MSGSEND = YES;
				GCC_C_LANGUAGE_STANDARD = gnu11;
				GCC_NO_COMMON_BLOCKS = YES;
				GCC_WARN_64_TO_32_BIT_CONVERSION = YES;
				GCC_WARN_ABOUT_RETURN_TYPE = YES_ERROR;
				GCC_WARN_UNDECLARED_SELECTOR = YES;
				GCC_WARN_UNINITIALIZED_AUTOS = YES_AGGRESSIVE;
				GCC_WARN_UNUSED_FUNCTION = YES;
				GCC_WARN_UNUSED_VARIABLE = YES;
				IPHONEOS_DEPLOYMENT_TARGET = 12.0;
				MTL_ENABLE_DEBUG_INFO = NO;
				MTL_FAST_MATH = YES;
				SDKROOT = iphoneos;
				VALIDATE_PRODUCT = YES;
			};
			name = Release;
		};
		4EB19D3821B422190093FB17 /* Debug */ = {
			isa = XCBuildConfiguration;
			buildSettings = {
				ASSETCATALOG_COMPILER_APPICON_NAME = AppIcon;
				CODE_SIGN_STYLE = Manual;
				DEVELOPMENT_TEAM = 6D8TJZAJ93;
				INFOPLIST_FILE = GitTest/Info.plist;
				LD_RUNPATH_SEARCH_PATHS = (
					"$(inherited)",
					"@executable_path/Frameworks",
				);
				PRODUCT_BUNDLE_IDENTIFIER = com.psthd.GitTest;
				PRODUCT_NAME = "$(TARGET_NAME)";
				PROVISIONING_PROFILE_SPECIFIER = compsthdx;
				TARGETED_DEVICE_FAMILY = "1,2";
			};
			name = Debug;
		};
		4EB19D3921B422190093FB17 /* Release */ = {
			isa = XCBuildConfiguration;
			buildSettings = {
				ASSETCATALOG_COMPILER_APPICON_NAME = AppIcon;
				CODE_SIGN_STYLE = Manual;
				DEVELOPMENT_TEAM = 6D8TJZAJ93;
				INFOPLIST_FILE = GitTest/Info.plist;
				LD_RUNPATH_SEARCH_PATHS = (
					"$(inherited)",
					"@executable_path/Frameworks",
				);
				PRODUCT_BUNDLE_IDENTIFIER = com.psthd.GitTest;
				PRODUCT_NAME = "$(TARGET_NAME)";
				PROVISIONING_PROFILE_SPECIFIER = compsthdx;
				TARGETED_DEVICE_FAMILY = "1,2";
			};
			name = Release;
		};
/* End XCBuildConfiguration section */

/* Begin XCConfigurationList section */
		4EB19D1C21B422180093FB17 /* Build configuration list for PBXProject "GitTest" */ = {
			isa = XCConfigurationList;
			buildConfigurations = (
				4EB19D3521B422190093FB17 /* Debug */,
				4EB19D3621B422190093FB17 /* Release */,
			);
			defaultConfigurationIsVisible = 0;
			defaultConfigurationName = Release;
		};
		4EB19D3721B422190093FB17 /* Build configuration list for PBXNativeTarget "GitTest" */ = {
			isa = XCConfigurationList;
			buildConfigurations = (
				4EB19D3821B422190093FB17 /* Debug */,
				4EB19D3921B422190093FB17 /* Release */,
			);
			defaultConfigurationIsVisible = 0;
			defaultConfigurationName = Release;
		};
/* End XCConfigurationList section */
	};
	rootObject = 4EB19D1921B422180093FB17 /* Project object */;
}
